
Microsoft Visual Studio Solution File, Format Version 12.00
# Visual Studio 15
VisualStudioVersion = 15.0.27004.2010
MinimumVisualStudioVersion = 10.0.40219.1
Project("{FAE04EC0-301F-11D3-BF4B-00C04F79EFBC}") = "DataCollect.Test", "DataCollect.Test\DataCollect.Test.csproj", "{8B565439-7C18-4CD4-9185-8510FEEE5F38}"
EndProject
Project("{9A19103F-16F7-4668-BE54-9A1E7A4F7556}") = "DataCollect.Web", "DataCollect.Web\DataCollect.Web.csproj", "{F07F1F87-F02C-4876-8BAD-EC716A8FE7B1}"
EndProject
Global
	GlobalSection(SolutionConfigurationPlatforms) = preSolution
		Debug|Any CPU = Debug|Any CPU
		Release|Any CPU = Release|Any CPU
	EndGlobalSection
	GlobalSection(ProjectConfigurationPlatforms) = postSolution
		{8B565439-7C18-4CD4-9185-8510FEEE5F38}.Debug|Any CPU.ActiveCfg = Debug|Any CPU
		{8B565439-7C18-4CD4-9185-8510FEEE5F38}.Debug|Any CPU.Build.0 = Debug|Any CPU
		{8B565439-7C18-4CD4-9185-8510FEEE5F38}.Release|Any CPU.ActiveCfg = Release|Any CPU
		{8B565439-7C18-4CD4-9185-8510FEEE5F38}.Release|Any CPU.Build.0 = Release|Any CPU
		{F07F1F87-F02C-4876-8BAD-EC716A8FE7B1}.Debug|Any CPU.ActiveCfg = Debug|Any CPU
		{F07F1F87-F02C-4876-8BAD-EC716A8FE7B1}.Debug|Any CPU.Build.0 = Debug|Any CPU
		{F07F1F87-F02C-4876-8BAD-EC716A8FE7B1}.Release|Any CPU.ActiveCfg = Release|Any CPU
		{F07F1F87-F02C-4876-8BAD-EC716A8FE7B1}.Release|Any CPU.Build.0 = Release|Any CPU
	EndGlobalSection
	GlobalSection(SolutionProperties) = preSolution
		HideSolutionNode = FALSE
	EndGlobalSection
	GlobalSection(ExtensibilityGlobals) = postSolution
		SolutionGuid = {03A15CDB-6582-417B-B7A6-272C67A96C0F}
	EndGlobalSection
EndGlobal
